
Microsoft Visual Studio Solution File, Format Version 12.00
# Visual Studio Version 16
VisualStudioVersion = 16.0.29806.167
MinimumVisualStudioVersion = 10.0.40219.1
Project("{9A19103F-16F7-4668-BE54-9A1E7A4F7556}") = "RabbitMQ.Producer", "src\RabbitMQ.Producer\RabbitMQ.Producer.csproj", "{4CFC518C-B131-49D2-9852-D799C08247C0}"
EndProject
Project("{9A19103F-16F7-4668-BE54-9A1E7A4F7556}") = "RabbitMQ.Consumer", "src\RabbitMQ.Consumer\RabbitMQ.Consumer.csproj", "{E331B7CB-3159-483A-B743-CBB56BB8B085}"
EndProject
Global
	GlobalSection(SolutionConfigurationPlatforms) = preSolution
		Debug|Any CPU = Debug|Any CPU
		Release|Any CPU = Release|Any CPU
	EndGlobalSection
	GlobalSection(ProjectConfigurationPlatforms) = postSolution
		{4CFC518C-B131-49D2-9852-D799C08247C0}.Debug|Any CPU.ActiveCfg = Debug|Any CPU
		{4CFC518C-B131-49D2-9852-D799C08247C0}.Debug|Any CPU.Build.0 = Debug|Any CPU
		{4CFC518C-B131-49D2-9852-D799C08247C0}.Release|Any CPU.ActiveCfg = Release|Any CPU
		{4CFC518C-B131-49D2-9852-D799C08247C0}.Release|Any CPU.Build.0 = Release|Any CPU
		{E331B7CB-3159-483A-B743-CBB56BB8B085}.Debug|Any CPU.ActiveCfg = Debug|Any CPU
		{E331B7CB-3159-483A-B743-CBB56BB8B085}.Debug|Any CPU.Build.0 = Debug|Any CPU
		{E331B7CB-3159-483A-B743-CBB56BB8B085}.Release|Any CPU.ActiveCfg = Release|Any CPU
		{E331B7CB-3159-483A-B743-CBB56BB8B085}.Release|Any CPU.Build.0 = Release|Any CPU
	EndGlobalSection
	GlobalSection(SolutionProperties) = preSolution
		HideSolutionNode = FALSE
	EndGlobalSection
	GlobalSection(ExtensibilityGlobals) = postSolution
		SolutionGuid = {29EBC815-26C0-4B7F-B844-C28D2E4C09A8}
	EndGlobalSection
EndGlobal
